github.com/afikrim/music-app v0.0.0-20201015224729-5b266aa87db3 h1:1IFa7UQ6THmsiuYVVgIlZv0fMr5ecBqGPhpomKdLi4o=
github.com/afikrim/music-app v0.0.0-20201015224729-5b266aa87db3/go.mod h1:KEm+WvpbNmZMBi3kG8F2J3vqq3HEqU0ZIHaC37eaAzc=
github.com/gorilla/mux v1.8.0 h1:i40aqfkR1h2SlN9hojwV5ZA91wcXFOvkdNIeFDP5koI=
github.com/gorilla/mux v1.8.0/go.mod h1:DVbg23sWSpFRCP0SfiEN6jmj59UnW/n46BH5rLB71So=
